
Microsoft Visual Studio Solution File, Format Version 12.00
# Visual Studio 15
VisualStudioVersion = 15.0.28307.136
MinimumVisualStudioVersion = 10.0.40219.1
Project("{FAE04EC0-301F-11D3-BF4B-00C04F79EFBC}") = "ExamVerification", "ExamVerification\ExamVerification.csproj", "{8B2D76AF-49B7-476D-8DDC-94F140A56440}"
EndProject
Global
	GlobalSection(SolutionConfigurationPlatforms) = preSolution
		Debug|Any CPU = Debug|Any CPU
		Release|Any CPU = Release|Any CPU
	EndGlobalSection
	GlobalSection(ProjectConfigurationPlatforms) = postSolution
		{8B2D76AF-49B7-476D-8DDC-94F140A56440}.Debug|Any CPU.ActiveCfg = Debug|Any CPU
		{8B2D76AF-49B7-476D-8DDC-94F140A56440}.Debug|Any CPU.Build.0 = Debug|Any CPU
		{8B2D76AF-49B7-476D-8DDC-94F140A56440}.Release|Any CPU.ActiveCfg = Release|Any CPU
		{8B2D76AF-49B7-476D-8DDC-94F140A56440}.Release|Any CPU.Build.0 = Release|Any CPU
	EndGlobalSection
	GlobalSection(SolutionProperties) = preSolution
		HideSolutionNode = FALSE
	EndGlobalSection
	GlobalSection(ExtensibilityGlobals) = postSolution
		SolutionGuid = {7C72F1C0-BA2F-44A6-BC53-495316B3964E}
	EndGlobalSection
EndGlobal
